
Microsoft Visual Studio Solution File, Format Version 12.00
# Visual Studio Version 17
VisualStudioVersion = 17.4.33103.184
MinimumVisualStudioVersion = 10.0.40219.1
Project("{FAE04EC0-301F-11D3-BF4B-00C04F79EFBC}") = "CreateUser", "CreateUser\CreateUser.csproj", "{D9813F96-2DD9-49E0-ABFD-DCC23C614E33}"
EndProject
Global
	GlobalSection(SolutionConfigurationPlatforms) = preSolution
		Debug|Any CPU = Debug|Any CPU
		Release|Any CPU = Release|Any CPU
	EndGlobalSection
	GlobalSection(ProjectConfigurationPlatforms) = postSolution
		{D9813F96-2DD9-49E0-ABFD-DCC23C614E33}.Debug|Any CPU.ActiveCfg = Debug|Any CPU
		{D9813F96-2DD9-49E0-ABFD-DCC23C614E33}.Debug|Any CPU.Build.0 = Debug|Any CPU
		{D9813F96-2DD9-49E0-ABFD-DCC23C614E33}.Release|Any CPU.ActiveCfg = Release|Any CPU
		{D9813F96-2DD9-49E0-ABFD-DCC23C614E33}.Release|Any CPU.Build.0 = Release|Any CPU
	EndGlobalSection
	GlobalSection(SolutionProperties) = preSolution
		HideSolutionNode = FALSE
	EndGlobalSection
	GlobalSection(ExtensibilityGlobals) = postSolution
		SolutionGuid = {C5A149F5-7908-4F55-BB91-F97AF56ED95C}
	EndGlobalSection
EndGlobal
